
Microsoft Visual Studio Solution File, Format Version 12.00
# Visual Studio Version 16
VisualStudioVersion = 16.0.30907.101
MinimumVisualStudioVersion = 10.0.40219.1
Project("{FAE04EC0-301F-11D3-BF4B-00C04F79EFBC}") = "API", "API\API.csproj", "{487F8A53-84CA-4815-90AA-F3250D299DBF}"
EndProject
Global
	GlobalSection(SolutionConfigurationPlatforms) = preSolution
		Debug|Any CPU = Debug|Any CPU
		Release|Any CPU = Release|Any CPU
	EndGlobalSection
	GlobalSection(ProjectConfigurationPlatforms) = postSolution
		{487F8A53-84CA-4815-90AA-F3250D299DBF}.Debug|Any CPU.ActiveCfg = Debug|Any CPU
		{487F8A53-84CA-4815-90AA-F3250D299DBF}.Debug|Any CPU.Build.0 = Debug|Any CPU
		{487F8A53-84CA-4815-90AA-F3250D299DBF}.Release|Any CPU.ActiveCfg = Release|Any CPU
		{487F8A53-84CA-4815-90AA-F3250D299DBF}.Release|Any CPU.Build.0 = Release|Any CPU
	EndGlobalSection
	GlobalSection(SolutionProperties) = preSolution
		HideSolutionNode = FALSE
	EndGlobalSection
	GlobalSection(ExtensibilityGlobals) = postSolution
		SolutionGuid = {096DFA29-6C37-4D8B-88C0-95474DE30F0A}
	EndGlobalSection
EndGlobal
